
Microsoft Visual Studio Solution File, Format Version 12.00
# Visual Studio Version 17
VisualStudioVersion = 17.13.35818.85 d17.13
MinimumVisualStudioVersion = 10.0.40219.1
Project("{FAE04EC0-301F-11D3-BF4B-00C04F79EFBC}") = "mygitapp", "mygitapp\mygitapp.csproj", "{4A36F328-1989-48B5-8069-364F66CDD8A6}"
EndProject
Global
	GlobalSection(SolutionConfigurationPlatforms) = preSolution
		Debug|Any CPU = Debug|Any CPU
		Release|Any CPU = Release|Any CPU
	EndGlobalSection
	GlobalSection(ProjectConfigurationPlatforms) = postSolution
		{4A36F328-1989-48B5-8069-364F66CDD8A6}.Debug|Any CPU.ActiveCfg = Debug|Any CPU
		{4A36F328-1989-48B5-8069-364F66CDD8A6}.Debug|Any CPU.Build.0 = Debug|Any CPU
		{4A36F328-1989-48B5-8069-364F66CDD8A6}.Release|Any CPU.ActiveCfg = Release|Any CPU
		{4A36F328-1989-48B5-8069-364F66CDD8A6}.Release|Any CPU.Build.0 = Release|Any CPU
	EndGlobalSection
	GlobalSection(SolutionProperties) = preSolution
		HideSolutionNode = FALSE
	EndGlobalSection
	GlobalSection(ExtensibilityGlobals) = postSolution
		SolutionGuid = {3F033CE1-E9A7-4C1C-B9D2-39416729A19C}
	EndGlobalSection
EndGlobal
